// !$*UTF8*$!
{
	archiveVersion = 1;
	classes = {
	};
	objectVersion = 77;
	objects = {

/* Begin PBXBuildFile section */
		6BEB61002EBE5400002BD1B0 /* AsciiCameraKit in Frameworks */ = {isa = PBXBuildFile; productRef = 6BEB61012EBE5400002BD1B0 /* AsciiCameraKit */; };
/* End PBXBuildFile section */

/* Begin PBXContainerItemProxy section */
		6BEB60DE2EBE53C6002BD1B0 /* PBXContainerItemProxy */ = {
			isa = PBXContainerItemProxy;
			containerPortal = 6BEB60C62EBE53C3002BD1B0 /* Project object */;
			proxyType = 1;
			remoteGlobalIDString = 6BEB60CD2EBE53C3002BD1B0;
			remoteInfo = MonoArt;
		};
		6BEB60E82EBE53C6002BD1B0 /* PBXContainerItemProxy */ = {
			isa = PBXContainerItemProxy;
			containerPortal = 6BEB60C62EBE53C3002BD1B0 /* Project object */;
			proxyType = 1;
			remoteGlobalIDString = 6BEB60CD2EBE53C3002BD1B0;
			remoteInfo = MonoArt;
		};
/* End PBXContainerItemProxy section */

/* Begin PBXFileReference section */
		6BEB60CE2EBE53C3002BD1B0 /* MonoArt.app */ = {isa = PBXFileReference; explicitFileType = wrapper.application; includeInIndex = 0; path = MonoArt.app; sourceTree = BUILT_PRODUCTS_DIR; };
		6BEB60DD2EBE53C6002BD1B0 /* MonoArtTests.xctest */ = {isa = PBXFileReference; explicitFileType = wrapper.cfbundle; includeInIndex = 0; path = MonoArtTests.xctest; sourceTree = BUILT_PRODUCTS_DIR; };
		6BEB60E72EBE53C6002BD1B0 /* MonoArtUITests.xctest */ = {isa = PBXFileReference; explicitFileType = wrapper.cfbundle; includeInIndex = 0; path = MonoArtUITests.xctest; sourceTree = BUILT_PRODUCTS_DIR; };
/* End PBXFileReference section */

/* Begin PBXFileSystemSynchronizedRootGroup section */
		6BEB60D02EBE53C4002BD1B0 /* MonoArt */ = {
			isa = PBXFileSystemSynchronizedRootGroup;
			path = MonoArt;
			sourceTree = "<group>";
		};
		6BEB60E02EBE53C6002BD1B0 /* MonoArtTests */ = {
			isa = PBXFileSystemSynchronizedRootGroup;
			path = MonoArtTests;
			sourceTree = "<group>";
		};
		6BEB60EA2EBE53C6002BD1B0 /* MonoArtUITests */ = {
			isa = PBXFileSystemSynchronizedRootGroup;
			path = MonoArtUITests;
			sourceTree = "<group>";
		};
/* End PBXFileSystemSynchronizedRootGroup section */

/* Begin PBXFrameworksBuildPhase section */
		6BEB60CB2EBE53C3002BD1B0 /* Frameworks */ = {
			isa = PBXFrameworksBuildPhase;
			buildActionMask = 2147483647;
			files = (
				6BEB61002EBE5400002BD1B0 /* AsciiCameraKit in Frameworks */,
			);
			runOnlyForDeploymentPostprocessing = 0;
		};
		6BEB60DA2EBE53C6002BD1B0 /* Frameworks */ = {
			isa = PBXFrameworksBuildPhase;
			buildActionMask = 2147483647;
			files = (
			);
			runOnlyForDeploymentPostprocessing = 0;
		};
		6BEB60E42EBE53C6002BD1B0 /* Frameworks */ = {
			isa = PBXFrameworksBuildPhase;
			buildActionMask = 2147483647;
			files = (
			);
			runOnlyForDeploymentPostprocessing = 0;
		};
/* End PBXFrameworksBuildPhase section */

/* Begin PBXGroup section */
		6BEB60C52EBE53C3002BD1B0 = {
			isa = PBXGroup;
			children = (
				6BEB60D02EBE53C4002BD1B0 /* MonoArt */,
				6BEB60E02EBE53C6002BD1B0 /* MonoArtTests */,
				6BEB60EA2EBE53C6002BD1B0 /* MonoArtUITests */,
				6BEB60CF2EBE53C3002BD1B0 /* Products */,
			);
			sourceTree = "<group>";
		};
		6BEB60CF2EBE53C3002BD1B0 /* Products */ = {
			isa = PBXGroup;
			children = (
				6BEB60CE2EBE53C3002BD1B0 /* MonoArt.app */,
				6BEB60DD2EBE53C6002BD1B0 /* MonoArtTests.xctest */,
				6BEB60E72EBE53C6002BD1B0 /* MonoArtUITests.xctest */,
			);
			name = Products;
			sourceTree = "<group>";
		};
/* End PBXGroup section */

/* Begin PBXNativeTarget section */
		6BEB60CD2EBE53C3002BD1B0 /* MonoArt */ = {
			isa = PBXNativeTarget;
			buildConfigurationList = 6BEB60F12EBE53C6002BD1B0 /* Build configuration list for PBXNativeTarget "MonoArt" */;
			buildPhases = (
				6BEB60CA2EBE53C3002BD1B0 /* Sources */,
				6BEB60CB2EBE53C3002BD1B0 /* Frameworks */,
				6BEB60CC2EBE53C3002BD1B0 /* Resources */,
			);
			buildRules = (
			);
			dependencies = (
			);
			fileSystemSynchronizedGroups = (
				6BEB60D02EBE53C4002BD1B0 /* MonoArt */,
			);
			name = MonoArt;
			packageProductDependencies = (
				6BEB61012EBE5400002BD1B0 /* AsciiCameraKit */,
			);
			productName = MonoArt;
			productReference = 6BEB60CE2EBE53C3002BD1B0 /* MonoArt.app */;
			productType = "com.apple.product-type.application";
		};
		6BEB60DC2EBE53C6002BD1B0 /* MonoArtTests */ = {
			isa = PBXNativeTarget;
			buildConfigurationList = 6BEB60F42EBE53C6002BD1B0 /* Build configuration list for PBXNativeTarget "MonoArtTests" */;
			buildPhases = (
				6BEB60D92EBE53C6002BD1B0 /* Sources */,
				6BEB60DA2EBE53C6002BD1B0 /* Frameworks */,
				6BEB60DB2EBE53C6002BD1B0 /* Resources */,
			);
			buildRules = (
			);
			dependencies = (
				6BEB60DF2EBE53C6002BD1B0 /* PBXTargetDependency */,
			);
			fileSystemSynchronizedGroups = (
				6BEB60E02EBE53C6002BD1B0 /* MonoArtTests */,
			);
			name = MonoArtTests;
			packageProductDependencies = (
			);
			productName = MonoArtTests;
			productReference = 6BEB60DD2EBE53C6002BD1B0 /* MonoArtTests.xctest */;
			productType = "com.apple.product-type.bundle.unit-test";
		};
		6BEB60E62EBE53C6002BD1B0 /* MonoArtUITests */ = {
			isa = PBXNativeTarget;
			buildConfigurationList = 6BEB60F72EBE53C6002BD1B0 /* Build configuration list for PBXNativeTarget "MonoArtUITests" */;
			buildPhases = (
				6BEB60E32EBE53C6002BD1B0 /* Sources */,
				6BEB60E42EBE53C6002BD1B0 /* Frameworks */,
				6BEB60E52EBE53C6002BD1B0 /* Resources */,
			);
			buildRules = (
			);
			dependencies = (
				6BEB60E92EBE53C6002BD1B0 /* PBXTargetDependency */,
			);
			fileSystemSynchronizedGroups = (
				6BEB60EA2EBE53C6002BD1B0 /* MonoArtUITests */,
			);
			name = MonoArtUITests;
			packageProductDependencies = (
			);
			productName = MonoArtUITests;
			productReference = 6BEB60E72EBE53C6002BD1B0 /* MonoArtUITests.xctest */;
			productType = "com.apple.product-type.bundle.ui-testing";
		};
/* End PBXNativeTarget section */

/* Begin PBXProject section */
		6BEB60C62EBE53C3002BD1B0 /* Project object */ = {
			isa = PBXProject;
			attributes = {
				BuildIndependentTargetsInParallel = 1;
				LastSwiftUpdateCheck = 2600;
				LastUpgradeCheck = 2600;
				TargetAttributes = {
					6BEB60CD2EBE53C3002BD1B0 = {
						CreatedOnToolsVersion = 26.0.1;
					};
					6BEB60DC2EBE53C6002BD1B0 = {
						CreatedOnToolsVersion = 26.0.1;
						TestTargetID = 6BEB60CD2EBE53C3002BD1B0;
					};
					6BEB60E62EBE53C6002BD1B0 = {
						CreatedOnToolsVersion = 26.0.1;
						TestTargetID = 6BEB60CD2EBE53C3002BD1B0;
					};
				};
			};
			buildConfigurationList = 6BEB60C92EBE53C3002BD1B0 /* Build configuration list for PBXProject "MonoArt" */;
			developmentRegion = en;
			hasScannedForEncodings = 0;
			knownRegions = (
				en,
				Base,
			);
			mainGroup = 6BEB60C52EBE53C3002BD1B0;
			minimizedProjectReferenceProxies = 1;
			packageReferences = (
				6BEB61022EBE5400002BD1B0 /* XCLocalSwiftPackageReference "MonoArt/Packages/AsciiCameraKit" */,
			);
			preferredProjectObjectVersion = 77;
			productRefGroup = 6BEB60CF2EBE53C3002BD1B0 /* Products */;
			projectDirPath = "";
			projectRoot = "";
			targets = (
				6BEB60CD2EBE53C3002BD1B0 /* MonoArt */,
				6BEB60DC2EBE53C6002BD1B0 /* MonoArtTests */,
				6BEB60E62EBE53C6002BD1B0 /* MonoArtUITests */,
			);
		};
/* End PBXProject section */

/* Begin PBXResourcesBuildPhase section */
		6BEB60CC2EBE53C3002BD1B0 /* Resources */ = {
			isa = PBXResourcesBuildPhase;
			buildActionMask = 2147483647;
			files = (
			);
			runOnlyForDeploymentPostprocessing = 0;
		};
		6BEB60DB2EBE53C6002BD1B0 /* Resources */ = {
			isa = PBXResourcesBuildPhase;
			buildActionMask = 2147483647;
			files = (
			);
			runOnlyForDeploymentPostprocessing = 0;
		};
		6BEB60E52EBE53C6002BD1B0 /* Resources */ = {
			isa = PBXResourcesBuildPhase;
			buildActionMask = 2147483647;
			files = (
			);
			runOnlyForDeploymentPostprocessing = 0;
		};
/* End PBXResourcesBuildPhase section */

/* Begin PBXSourcesBuildPhase section */
		6BEB60CA2EBE53C3002BD1B0 /* Sources */ = {
			isa = PBXSourcesBuildPhase;
			buildActionMask = 2147483647;
			files = (
			);
			runOnlyForDeploymentPostprocessing = 0;
		};
		6BEB60D92EBE53C6002BD1B0 /* Sources */ = {
			isa = PBXSourcesBuildPhase;
			buildActionMask = 2147483647;
			files = (
			);
			runOnlyForDeploymentPostprocessing = 0;
		};
		6BEB60E32EBE53C6002BD1B0 /* Sources */ = {
			isa = PBXSourcesBuildPhase;
			buildActionMask = 2147483647;
			files = (
			);
			runOnlyForDeploymentPostprocessing = 0;
		};
/* End PBXSourcesBuildPhase section */

/* Begin PBXTargetDependency section */
		6BEB60DF2EBE53C6002BD1B0 /* PBXTargetDependency */ = {
			isa = PBXTargetDependency;
			target = 6BEB60CD2EBE53C3002BD1B0 /* MonoArt */;
			targetProxy = 6BEB60DE2EBE53C6002BD1B0 /* PBXContainerItemProxy */;
		};
		6BEB60E92EBE53C6002BD1B0 /* PBXTargetDependency */ = {
			isa = PBXTargetDependency;
			target = 6BEB60CD2EBE53C3002BD1B0 /* MonoArt */;
			targetProxy = 6BEB60E82EBE53C6002BD1B0 /* PBXContainerItemProxy */;
		};
/* End PBXTargetDependency section */

/* Begin XCBuildConfiguration section */
		6BEB60EF2EBE53C6002BD1B0 /* Debug */ = {
			isa = XCBuildConfiguration;
			buildSettings = {
				ALWAYS_SEARCH_USER_PATHS = NO;
				ASSETCATALOG_COMPILER_GENERATE_SWIFT_ASSET_SYMBOL_EXTENSIONS = YES;
				CLANG_ANALYZER_NONNULL = YES;
				CLANG_ANALYZER_NUMBER_OBJECT_CONVERSION = YES_AGGRESSIVE;
				CLANG_CXX_LANGUAGE_STANDARD = "gnu++20";
				CLANG_ENABLE_MODULES = YES;
				CLANG_ENABLE_OBJC_ARC = YES;
				CLANG_ENABLE_OBJC_WEAK = YES;
				CLANG_WARN_BLOCK_CAPTURE_AUTORELEASING = YES;
				CLANG_WARN_BOOL_CONVERSION = YES;
				CLANG_WARN_COMMA = YES;
				CLANG_WARN_CONSTANT_CONVERSION = YES;
				CLANG_WARN_DEPRECATED_OBJC_IMPLEMENTATIONS = YES;
				CLANG_WARN_DIRECT_OBJC_ISA_USAGE = YES_ERROR;
				CLANG_WARN_DOCUMENTATION_COMMENTS = YES;
				CLANG_WARN_EMPTY_BODY = YES;
				CLANG_WARN_ENUM_CONVERSION = YES;
				CLANG_WARN_INFINITE_RECURSION = YES;
				CLANG_WARN_INT_CONVERSION = YES;
				CLANG_WARN_NON_LITERAL_NULL_CONVERSION = YES;
				CLANG_WARN_OBJC_IMPLICIT_RETAIN_SELF = YES;
				CLANG_WARN_OBJC_LITERAL_CONVERSION = YES;
				CLANG_WARN_OBJC_ROOT_CLASS = YES_ERROR;
				CLANG_WARN_QUOTED_INCLUDE_IN_FRAMEWORK_HEADER = YES;
				CLANG_WARN_RANGE_LOOP_ANALYSIS = YES;
				CLANG_WARN_STRICT_PROTOTYPES = YES;
				CLANG_WARN_SUSPICIOUS_MOVE = YES;
				CLANG_WARN_UNGUARDED_AVAILABILITY = YES_AGGRESSIVE;
				CLANG_WARN_UNREACHABLE_CODE = YES;
				CLANG_WARN__DUPLICATE_METHOD_MATCH = YES;
				COPY_PHASE_STRIP = NO;
				DEBUG_INFORMATION_FORMAT = dwarf;
				DEVELOPMENT_TEAM = 53V986CV97;
				ENABLE_STRICT_OBJC_MSGSEND = YES;
				ENABLE_TESTABILITY = YES;
				ENABLE_USER_SCRIPT_SANDBOXING = YES;
				GCC_C_LANGUAGE_STANDARD = gnu17;
				GCC_DYNAMIC_NO_PIC = NO;
				GCC_NO_COMMON_BLOCKS = YES;
				GCC_OPTIMIZATION_LEVEL = 0;
				GCC_PREPROCESSOR_DEFINITIONS = (
					"DEBUG=1",
					"$(inherited)",
				);
				GCC_WARN_64_TO_32_BIT_CONVERSION = YES;
				GCC_WARN_ABOUT_RETURN_TYPE = YES_ERROR;
				GCC_WARN_UNDECLARED_SELECTOR = YES;
				GCC_WARN_UNINITIALIZED_AUTOS = YES_AGGRESSIVE;
				GCC_WARN_UNUSED_FUNCTION = YES;
				GCC_WARN_UNUSED_VARIABLE = YES;
				IPHONEOS_DEPLOYMENT_TARGET = 26.0;
				LOCALIZATION_PREFERS_STRING_CATALOGS = YES;
				MTL_ENABLE_DEBUG_INFO = INCLUDE_SOURCE;
				MTL_FAST_MATH = YES;
				ONLY_ACTIVE_ARCH = YES;
				SDKROOT = iphoneos;
				SWIFT_ACTIVE_COMPILATION_CONDITIONS = "DEBUG $(inherited)";
				SWIFT_OPTIMIZATION_LEVEL = "-Onone";
			};
			name = Debug;
		};
		6BEB60F02EBE53C6002BD1B0 /* Release */ = {
			isa = XCBuildConfiguration;
			buildSettings = {
				ALWAYS_SEARCH_USER_PATHS = NO;
				ASSETCATALOG_COMPILER_GENERATE_SWIFT_ASSET_SYMBOL_EXTENSIONS = YES;
				CLANG_ANALYZER_NONNULL = YES;
				CLANG_ANALYZER_NUMBER_OBJECT_CONVERSION = YES_AGGRESSIVE;
				CLANG_CXX_LANGUAGE_STANDARD = "gnu++20";
				CLANG_ENABLE_MODULES = YES;
				CLANG_ENABLE_OBJC_ARC = YES;
				CLANG_ENABLE_OBJC_WEAK = YES;
				CLANG_WARN_BLOCK_CAPTURE_AUTORELEASING = YES;
				CLANG_WARN_BOOL_CONVERSION = YES;
				CLANG_WARN_COMMA = YES;
				CLANG_WARN_CONSTANT_CONVERSION = YES;
				CLANG_WARN_DEPRECATED_OBJC_IMPLEMENTATIONS = YES;
				CLANG_WARN_DIRECT_OBJC_ISA_USAGE = YES_ERROR;
				CLANG_WARN_DOCUMENTATION_COMMENTS = YES;
				CLANG_WARN_EMPTY_BODY = YES;
				CLANG_WARN_ENUM_CONVERSION = YES;
				CLANG_WARN_INFINITE_RECURSION = YES;
				CLANG_WARN_INT_CONVERSION = YES;
				CLANG_WARN_NON_LITERAL_NULL_CONVERSION = YES;
				CLANG_WARN_OBJC_IMPLICIT_RETAIN_SELF = YES;
				CLANG_WARN_OBJC_LITERAL_CONVERSION = YES;
				CLANG_WARN_OBJC_ROOT_CLASS = YES_ERROR;
				CLANG_WARN_QUOTED_INCLUDE_IN_FRAMEWORK_HEADER = YES;
				CLANG_WARN_RANGE_LOOP_ANALYSIS = YES;
				CLANG_WARN_STRICT_PROTOTYPES = YES;
				CLANG_WARN_SUSPICIOUS_MOVE = YES;
				CLANG_WARN_UNGUARDED_AVAILABILITY = YES_AGGRESSIVE;
				CLANG_WARN_UNREACHABLE_CODE = YES;
				CLANG_WARN__DUPLICATE_METHOD_MATCH = YES;
				COPY_PHASE_STRIP = NO;
				DEBUG_INFORMATION_FORMAT = "dwarf-with-dsym";
				DEVELOPMENT_TEAM = 53V986CV97;
				ENABLE_NS_ASSERTIONS = NO;
				ENABLE_STRICT_OBJC_MSGSEND = YES;
				ENABLE_USER_SCRIPT_SANDBOXING = YES;
				GCC_C_LANGUAGE_STANDARD = gnu17;
				GCC_NO_COMMON_BLOCKS = YES;
				GCC_WARN_64_TO_32_BIT_CONVERSION = YES;
				GCC_WARN_ABOUT_RETURN_TYPE = YES_ERROR;
				GCC_WARN_UNDECLARED_SELECTOR = YES;
				GCC_WARN_UNINITIALIZED_AUTOS = YES_AGGRESSIVE;
				GCC_WARN_UNUSED_FUNCTION = YES;
				GCC_WARN_UNUSED_VARIABLE = YES;
				IPHONEOS_DEPLOYMENT_TARGET = 26.0;
				LOCALIZATION_PREFERS_STRING_CATALOGS = YES;
				MTL_ENABLE_DEBUG_INFO = NO;
				MTL_FAST_MATH = YES;
				SDKROOT = iphoneos;
				SWIFT_COMPILATION_MODE = wholemodule;
				VALIDATE_PRODUCT = YES;
			};
			name = Release;
		};
		6BEB60F22EBE53C6002BD1B0 /* Debug */ = {
			isa = XCBuildConfiguration;
			buildSettings = {
				ASSETCATALOG_COMPILER_APPICON_NAME = AppIcon;
				ASSETCATALOG_COMPILER_GLOBAL_ACCENT_COLOR_NAME = AccentColor;
				CODE_SIGN_STYLE = Automatic;
				CURRENT_PROJECT_VERSION = 1;
				DEVELOPMENT_TEAM = 53V986CV97;
				ENABLE_PREVIEWS = YES;
				EXCLUDED_RECURSIVE_SEARCH_PATH_SUBDIRECTORIES = "*.xcassets *.lproj build .build Packages .packageTests .swiftpm Docs";
				EXCLUDED_SOURCE_FILE_NAMES = (
					Package.swift,
					".packageTests/*",
					".swiftpm/**",
				);
				GENERATE_INFOPLIST_FILE = YES;
				INFOPLIST_KEY_NSCameraUsageDescription = "MonoArt requires the camera to render live ASCII visuals.";
				INFOPLIST_KEY_NSPhotoLibraryAddUsageDescription = "MonoArt saves captured ASCII art to your photo library.";
				INFOPLIST_KEY_NSPhotoLibraryUsageDescription = "MonoArt imports photos to convert them into ASCII art.";
				INFOPLIST_KEY_UIApplicationSceneManifest_Generation = YES;
				INFOPLIST_KEY_UIApplicationSupportsIndirectInputEvents = YES;
				INFOPLIST_KEY_UILaunchScreen_Generation = YES;
				INFOPLIST_KEY_UISupportedInterfaceOrientations_iPad = "UIInterfaceOrientationPortrait UIInterfaceOrientationPortraitUpsideDown UIInterfaceOrientationLandscapeLeft UIInterfaceOrientationLandscapeRight";
				INFOPLIST_KEY_UISupportedInterfaceOrientations_iPhone = "UIInterfaceOrientationPortrait UIInterfaceOrientationLandscapeLeft UIInterfaceOrientationLandscapeRight";
				IPHONEOS_DEPLOYMENT_TARGET = 18.6;
				LD_RUNPATH_SEARCH_PATHS = (
					"$(inherited)",
					"@executable_path/Frameworks",
				);
				MARKETING_VERSION = 1.0;
				PRODUCT_BUNDLE_IDENTIFIER = com.aleksandr.timerapp.MonoArt;
				PRODUCT_NAME = "$(TARGET_NAME)";
				STRING_CATALOG_GENERATE_SYMBOLS = YES;
				SWIFT_APPROACHABLE_CONCURRENCY = YES;
				SWIFT_DEFAULT_ACTOR_ISOLATION = MainActor;
				SWIFT_EMIT_LOC_STRINGS = YES;
				SWIFT_UPCOMING_FEATURE_MEMBER_IMPORT_VISIBILITY = YES;
				SWIFT_VERSION = 5.0;
				TARGETED_DEVICE_FAMILY = "1,2";
			};
			name = Debug;
		};
		6BEB60F32EBE53C6002BD1B0 /* Release */ = {
			isa = XCBuildConfiguration;
			buildSettings = {
				ASSETCATALOG_COMPILER_APPICON_NAME = AppIcon;
				ASSETCATALOG_COMPILER_GLOBAL_ACCENT_COLOR_NAME = AccentColor;
				CODE_SIGN_STYLE = Automatic;
				CURRENT_PROJECT_VERSION = 1;
				DEVELOPMENT_TEAM = 53V986CV97;
				ENABLE_PREVIEWS = YES;
				EXCLUDED_RECURSIVE_SEARCH_PATH_SUBDIRECTORIES = "*.xcassets *.lproj build .build Packages .packageTests .swiftpm Docs";
				EXCLUDED_SOURCE_FILE_NAMES = (
					Package.swift,
					".packageTests/*",
					".swiftpm/**",
				);
				GENERATE_INFOPLIST_FILE = YES;
				INFOPLIST_KEY_NSCameraUsageDescription = "MonoArt requires the camera to render live ASCII visuals.";
				INFOPLIST_KEY_NSPhotoLibraryAddUsageDescription = "MonoArt saves captured ASCII art to your photo library.";
				INFOPLIST_KEY_NSPhotoLibraryUsageDescription = "MonoArt imports photos to convert them into ASCII art.";
				INFOPLIST_KEY_UIApplicationSceneManifest_Generation = YES;
				INFOPLIST_KEY_UIApplicationSupportsIndirectInputEvents = YES;
				INFOPLIST_KEY_UILaunchScreen_Generation = YES;
				INFOPLIST_KEY_UISupportedInterfaceOrientations_iPad = "UIInterfaceOrientationPortrait UIInterfaceOrientationPortraitUpsideDown UIInterfaceOrientationLandscapeLeft UIInterfaceOrientationLandscapeRight";
				INFOPLIST_KEY_UISupportedInterfaceOrientations_iPhone = "UIInterfaceOrientationPortrait UIInterfaceOrientationLandscapeLeft UIInterfaceOrientationLandscapeRight";
				IPHONEOS_DEPLOYMENT_TARGET = 18.6;
				LD_RUNPATH_SEARCH_PATHS = (
					"$(inherited)",
					"@executable_path/Frameworks",
				);
				MARKETING_VERSION = 1.0;
				PRODUCT_BUNDLE_IDENTIFIER = com.aleksandr.timerapp.MonoArt;
				PRODUCT_NAME = "$(TARGET_NAME)";
				STRING_CATALOG_GENERATE_SYMBOLS = YES;
				SWIFT_APPROACHABLE_CONCURRENCY = YES;
				SWIFT_DEFAULT_ACTOR_ISOLATION = MainActor;
				SWIFT_EMIT_LOC_STRINGS = YES;
				SWIFT_UPCOMING_FEATURE_MEMBER_IMPORT_VISIBILITY = YES;
				SWIFT_VERSION = 5.0;
				TARGETED_DEVICE_FAMILY = "1,2";
			};
			name = Release;
		};
		6BEB60F52EBE53C6002BD1B0 /* Debug */ = {
			isa = XCBuildConfiguration;
			buildSettings = {
				BUNDLE_LOADER = "$(TEST_HOST)";
				CODE_SIGN_STYLE = Automatic;
				CURRENT_PROJECT_VERSION = 1;
				DEVELOPMENT_TEAM = 53V986CV97;
				GENERATE_INFOPLIST_FILE = YES;
				IPHONEOS_DEPLOYMENT_TARGET = 26.0;
				MARKETING_VERSION = 1.0;
				PRODUCT_BUNDLE_IDENTIFIER = com.aleksandr.timerapp.MonoArtTests;
				PRODUCT_NAME = "$(TARGET_NAME)";
				STRING_CATALOG_GENERATE_SYMBOLS = NO;
				SWIFT_APPROACHABLE_CONCURRENCY = YES;
				SWIFT_EMIT_LOC_STRINGS = NO;
				SWIFT_UPCOMING_FEATURE_MEMBER_IMPORT_VISIBILITY = YES;
				SWIFT_VERSION = 5.0;
				TARGETED_DEVICE_FAMILY = "1,2";
				TEST_HOST = "$(BUILT_PRODUCTS_DIR)/MonoArt.app/$(BUNDLE_EXECUTABLE_FOLDER_PATH)/MonoArt";
			};
			name = Debug;
		};
		6BEB60F62EBE53C6002BD1B0 /* Release */ = {
			isa = XCBuildConfiguration;
			buildSettings = {
				BUNDLE_LOADER = "$(TEST_HOST)";
				CODE_SIGN_STYLE = Automatic;
				CURRENT_PROJECT_VERSION = 1;
				DEVELOPMENT_TEAM = 53V986CV97;
				GENERATE_INFOPLIST_FILE = YES;
				IPHONEOS_DEPLOYMENT_TARGET = 26.0;
				MARKETING_VERSION = 1.0;
				PRODUCT_BUNDLE_IDENTIFIER = com.aleksandr.timerapp.MonoArtTests;
				PRODUCT_NAME = "$(TARGET_NAME)";
				STRING_CATALOG_GENERATE_SYMBOLS = NO;
				SWIFT_APPROACHABLE_CONCURRENCY = YES;
				SWIFT_EMIT_LOC_STRINGS = NO;
				SWIFT_UPCOMING_FEATURE_MEMBER_IMPORT_VISIBILITY = YES;
				SWIFT_VERSION = 5.0;
				TARGETED_DEVICE_FAMILY = "1,2";
				TEST_HOST = "$(BUILT_PRODUCTS_DIR)/MonoArt.app/$(BUNDLE_EXECUTABLE_FOLDER_PATH)/MonoArt";
			};
			name = Release;
		};
		6BEB60F82EBE53C6002BD1B0 /* Debug */ = {
			isa = XCBuildConfiguration;
			buildSettings = {
				CODE_SIGN_STYLE = Automatic;
				CURRENT_PROJECT_VERSION = 1;
				DEVELOPMENT_TEAM = 53V986CV97;
				GENERATE_INFOPLIST_FILE = YES;
				MARKETING_VERSION = 1.0;
				PRODUCT_BUNDLE_IDENTIFIER = com.aleksandr.timerapp.MonoArtUITests;
				PRODUCT_NAME = "$(TARGET_NAME)";
				STRING_CATALOG_GENERATE_SYMBOLS = NO;
				SWIFT_APPROACHABLE_CONCURRENCY = YES;
				SWIFT_EMIT_LOC_STRINGS = NO;
				SWIFT_UPCOMING_FEATURE_MEMBER_IMPORT_VISIBILITY = YES;
				SWIFT_VERSION = 5.0;
				TARGETED_DEVICE_FAMILY = "1,2";
				TEST_TARGET_NAME = MonoArt;
			};
			name = Debug;
		};
		6BEB60F92EBE53C6002BD1B0 /* Release */ = {
			isa = XCBuildConfiguration;
			buildSettings = {
				CODE_SIGN_STYLE = Automatic;
				CURRENT_PROJECT_VERSION = 1;
				DEVELOPMENT_TEAM = 53V986CV97;
				GENERATE_INFOPLIST_FILE = YES;
				MARKETING_VERSION = 1.0;
				PRODUCT_BUNDLE_IDENTIFIER = com.aleksandr.timerapp.MonoArtUITests;
				PRODUCT_NAME = "$(TARGET_NAME)";
				STRING_CATALOG_GENERATE_SYMBOLS = NO;
				SWIFT_APPROACHABLE_CONCURRENCY = YES;
				SWIFT_EMIT_LOC_STRINGS = NO;
				SWIFT_UPCOMING_FEATURE_MEMBER_IMPORT_VISIBILITY = YES;
				SWIFT_VERSION = 5.0;
				TARGETED_DEVICE_FAMILY = "1,2";
				TEST_TARGET_NAME = MonoArt;
			};
			name = Release;
		};
/* End XCBuildConfiguration section */

/* Begin XCConfigurationList section */
		6BEB60C92EBE53C3002BD1B0 /* Build configuration list for PBXProject "MonoArt" */ = {
			isa = XCConfigurationList;
			buildConfigurations = (
				6BEB60EF2EBE53C6002BD1B0 /* Debug */,
				6BEB60F02EBE53C6002BD1B0 /* Release */,
			);
			defaultConfigurationIsVisible = 0;
			defaultConfigurationName = Release;
		};
		6BEB60F12EBE53C6002BD1B0 /* Build configuration list for PBXNativeTarget "MonoArt" */ = {
			isa = XCConfigurationList;
			buildConfigurations = (
				6BEB60F22EBE53C6002BD1B0 /* Debug */,
				6BEB60F32EBE53C6002BD1B0 /* Release */,
			);
			defaultConfigurationIsVisible = 0;
			defaultConfigurationName = Release;
		};
		6BEB60F42EBE53C6002BD1B0 /* Build configuration list for PBXNativeTarget "MonoArtTests" */ = {
			isa = XCConfigurationList;
			buildConfigurations = (
				6BEB60F52EBE53C6002BD1B0 /* Debug */,
				6BEB60F62EBE53C6002BD1B0 /* Release */,
			);
			defaultConfigurationIsVisible = 0;
			defaultConfigurationName = Release;
		};
		6BEB60F72EBE53C6002BD1B0 /* Build configuration list for PBXNativeTarget "MonoArtUITests" */ = {
			isa = XCConfigurationList;
			buildConfigurations = (
				6BEB60F82EBE53C6002BD1B0 /* Debug */,
				6BEB60F92EBE53C6002BD1B0 /* Release */,
			);
			defaultConfigurationIsVisible = 0;
			defaultConfigurationName = Release;
		};
/* End XCConfigurationList section */

/* Begin XCLocalSwiftPackageReference section */
		6BEB61022EBE5400002BD1B0 /* XCLocalSwiftPackageReference "MonoArt/Packages/AsciiCameraKit" */ = {
			isa = XCLocalSwiftPackageReference;
			relativePath = MonoArt/Packages/AsciiCameraKit;
		};
/* End XCLocalSwiftPackageReference section */

/* Begin XCSwiftPackageProductDependency section */
		6BEB61012EBE5400002BD1B0 /* AsciiCameraKit */ = {
			isa = XCSwiftPackageProductDependency;
			productName = AsciiCameraKit;
		};
/* End XCSwiftPackageProductDependency section */
	};
	rootObject = 6BEB60C62EBE53C3002BD1B0 /* Project object */;
}
